// !$*UTF8*$!
{
	archiveVersion = 1;
	classes = {
	};
	objectVersion = 50;
	objects = {

/* Begin PBXBuildFile section */
		F2BD45902689097300E0CE9E /* AppDelegate.swift in Sources */ = {isa = PBXBuildFile; fileRef = F2BD458F2689097300E0CE9E /* AppDelegate.swift */; };
		F2BD45922689097300E0CE9E /* SceneDelegate.swift in Sources */ = {isa = PBXBuildFile; fileRef = F2BD45912689097300E0CE9E /* SceneDelegate.swift */; };
		F2BD45942689097300E0CE9E /* ViewController.swift in Sources */ = {isa = PBXBuildFile; fileRef = F2BD45932689097300E0CE9E /* ViewController.swift */; };
		F2BD45972689097300E0CE9E /* Main.storyboard in Resources */ = {isa = PBXBuildFile; fileRef = F2BD45952689097300E0CE9E /* Main.storyboard */; };
		F2BD45992689097300E0CE9E /* Assets.xcassets in Resources */ = {isa = PBXBuildFile; fileRef = F2BD45982689097300E0CE9E /* Assets.xcassets */; };
		F2BD459C2689097300E0CE9E /* LaunchScreen.storyboard in Resources */ = {isa = PBXBuildFile; fileRef = F2BD459A2689097300E0CE9E /* LaunchScreen.storyboard */; };
		F2BD45A526890DDC00E0CE9E /* LocalizationService.swift in Sources */ = {isa = PBXBuildFile; fileRef = F2BD45A426890DDC00E0CE9E /* LocalizationService.swift */; };
		F2BD45A826891F6600E0CE9E /* Localization.swift in Sources */ = {isa = PBXBuildFile; fileRef = F2BD45A726891F6600E0CE9E /* Localization.swift */; };
		F2BD45AA26891FD600E0CE9E /* LanguageService.swift in Sources */ = {isa = PBXBuildFile; fileRef = F2BD45A926891FD600E0CE9E /* LanguageService.swift */; };
		F2BD45AD2689207A00E0CE9E /* LanguageModel.swift in Sources */ = {isa = PBXBuildFile; fileRef = F2BD45AC2689207A00E0CE9E /* LanguageModel.swift */; };
/* End PBXBuildFile section */

/* Begin PBXFileReference section */
		F2BD458C2689097300E0CE9E /* SwiftLocalization.app */ = {isa = PBXFileReference; explicitFileType = wrapper.application; includeInIndex = 0; path = SwiftLocalization.app; sourceTree = BUILT_PRODUCTS_DIR; };
		F2BD458F2689097300E0CE9E /* AppDelegate.swift */ = {isa = PBXFileReference; lastKnownFileType = sourcecode.swift; path = AppDelegate.swift; sourceTree = "<group>"; };
		F2BD45912689097300E0CE9E /* SceneDelegate.swift */ = {isa = PBXFileReference; lastKnownFileType = sourcecode.swift; path = SceneDelegate.swift; sourceTree = "<group>"; };
		F2BD45932689097300E0CE9E /* ViewController.swift */ = {isa = PBXFileReference; lastKnownFileType = sourcecode.swift; path = ViewController.swift; sourceTree = "<group>"; };
		F2BD45962689097300E0CE9E /* Base */ = {isa = PBXFileReference; lastKnownFileType = file.storyboard; name = Base; path = Base.lproj/Main.storyboard; sourceTree = "<group>"; };
		F2BD45982689097300E0CE9E /* Assets.xcassets */ = {isa = PBXFileReference; lastKnownFileType = folder.assetcatalog; path = Assets.xcassets; sourceTree = "<group>"; };
		F2BD459B2689097300E0CE9E /* Base */ = {isa = PBXFileReference; lastKnownFileType = file.storyboard; name = Base; path = Base.lproj/LaunchScreen.storyboard; sourceTree = "<group>"; };
		F2BD459D2689097300E0CE9E /* Info.plist */ = {isa = PBXFileReference; lastKnownFileType = text.plist.xml; path = Info.plist; sourceTree = "<group>"; };
		F2BD45A426890DDC00E0CE9E /* LocalizationService.swift */ = {isa = PBXFileReference; lastKnownFileType = sourcecode.swift; path = LocalizationService.swift; sourceTree = "<group>"; };
		F2BD45A726891F6600E0CE9E /* Localization.swift */ = {isa = PBXFileReference; lastKnownFileType = sourcecode.swift; path = Localization.swift; sourceTree = "<group>"; };
		F2BD45A926891FD600E0CE9E /* LanguageService.swift */ = {isa = PBXFileReference; lastKnownFileType = sourcecode.swift; path = LanguageService.swift; sourceTree = "<group>"; };
		F2BD45AC2689207A00E0CE9E /* LanguageModel.swift */ = {isa = PBXFileReference; lastKnownFileType = sourcecode.swift; path = LanguageModel.swift; sourceTree = "<group>"; };
/* End PBXFileReference section */

/* Begin PBXFrameworksBuildPhase section */
		F2BD45892689097300E0CE9E /* Frameworks */ = {
			isa = PBXFrameworksBuildPhase;
			buildActionMask = 2147483647;
			files = (
			);
			runOnlyForDeploymentPostprocessing = 0;
		};
/* End PBXFrameworksBuildPhase section */

/* Begin PBXGroup section */
		F2BD45832689097200E0CE9E = {
			isa = PBXGroup;
			children = (
				F2BD458E2689097300E0CE9E /* SwiftLocalization */,
				F2BD458D2689097300E0CE9E /* Products */,
			);
			sourceTree = "<group>";
		};
		F2BD458D2689097300E0CE9E /* Products */ = {
			isa = PBXGroup;
			children = (
				F2BD458C2689097300E0CE9E /* SwiftLocalization.app */,
			);
			name = Products;
			sourceTree = "<group>";
		};
		F2BD458E2689097300E0CE9E /* SwiftLocalization */ = {
			isa = PBXGroup;
			children = (
				F2BD45AB2689204F00E0CE9E /* Model */,
				F2BD45A626890E0A00E0CE9E /* Service */,
				F2BD458F2689097300E0CE9E /* AppDelegate.swift */,
				F2BD45912689097300E0CE9E /* SceneDelegate.swift */,
				F2BD45932689097300E0CE9E /* ViewController.swift */,
				F2BD45952689097300E0CE9E /* Main.storyboard */,
				F2BD45982689097300E0CE9E /* Assets.xcassets */,
				F2BD459A2689097300E0CE9E /* LaunchScreen.storyboard */,
				F2BD459D2689097300E0CE9E /* Info.plist */,
			);
			path = SwiftLocalization;
			sourceTree = "<group>";
		};
		F2BD45A326890D5700E0CE9E /* LocalizationService */ = {
			isa = PBXGroup;
			children = (
				F2BD45A426890DDC00E0CE9E /* LocalizationService.swift */,
				F2BD45A926891FD600E0CE9E /* LanguageService.swift */,
			);
			path = LocalizationService;
			sourceTree = "<group>";
		};
		F2BD45A626890E0A00E0CE9E /* Service */ = {
			isa = PBXGroup;
			children = (
				F2BD45A326890D5700E0CE9E /* LocalizationService */,
				F2BD45A726891F6600E0CE9E /* Localization.swift */,
			);
			path = Service;
			sourceTree = "<group>";
		};
		F2BD45AB2689204F00E0CE9E /* Model */ = {
			isa = PBXGroup;
			children = (
				F2BD45AC2689207A00E0CE9E /* LanguageModel.swift */,
			);
			path = Model;
			sourceTree = "<group>";
		};
/* End PBXGroup section */

/* Begin PBXNativeTarget section */
		F2BD458B2689097300E0CE9E /* SwiftLocalization */ = {
			isa = PBXNativeTarget;
			buildConfigurationList = F2BD45A02689097300E0CE9E /* Build configuration list for PBXNativeTarget "SwiftLocalization" */;
			buildPhases = (
				F2BD45882689097300E0CE9E /* Sources */,
				F2BD45892689097300E0CE9E /* Frameworks */,
				F2BD458A2689097300E0CE9E /* Resources */,
			);
			buildRules = (
			);
			dependencies = (
			);
			name = SwiftLocalization;
			productName = SwiftLocalization;
			productReference = F2BD458C2689097300E0CE9E /* SwiftLocalization.app */;
			productType = "com.apple.product-type.application";
		};
/* End PBXNativeTarget section */

/* Begin PBXProject section */
		F2BD45842689097200E0CE9E /* Project object */ = {
			isa = PBXProject;
			attributes = {
				LastSwiftUpdateCheck = 1250;
				LastUpgradeCheck = 1250;
				TargetAttributes = {
					F2BD458B2689097300E0CE9E = {
						CreatedOnToolsVersion = 12.5.1;
					};
				};
			};
			buildConfigurationList = F2BD45872689097200E0CE9E /* Build configuration list for PBXProject "SwiftLocalization" */;
			compatibilityVersion = "Xcode 9.3";
			developmentRegion = en;
			hasScannedForEncodings = 0;
			knownRegions = (
				en,
				Base,
			);
			mainGroup = F2BD45832689097200E0CE9E;
			productRefGroup = F2BD458D2689097300E0CE9E /* Products */;
			projectDirPath = "";
			projectRoot = "";
			targets = (
				F2BD458B2689097300E0CE9E /* SwiftLocalization */,
			);
		};
/* End PBXProject section */

/* Begin PBXResourcesBuildPhase section */
		F2BD458A2689097300E0CE9E /* Resources */ = {
			isa = PBXResourcesBuildPhase;
			buildActionMask = 2147483647;
			files = (
				F2BD459C2689097300E0CE9E /* LaunchScreen.storyboard in Resources */,
				F2BD45992689097300E0CE9E /* Assets.xcassets in Resources */,
				F2BD45972689097300E0CE9E /* Main.storyboard in Resources */,
			);
			runOnlyForDeploymentPostprocessing = 0;
		};
/* End PBXResourcesBuildPhase section */

/* Begin PBXSourcesBuildPhase section */
		F2BD45882689097300E0CE9E /* Sources */ = {
			isa = PBXSourcesBuildPhase;
			buildActionMask = 2147483647;
			files = (
				F2BD45942689097300E0CE9E /* ViewController.swift in Sources */,
				F2BD45AA26891FD600E0CE9E /* LanguageService.swift in Sources */,
				F2BD45AD2689207A00E0CE9E /* LanguageModel.swift in Sources */,
				F2BD45A826891F6600E0CE9E /* Localization.swift in Sources */,
				F2BD45902689097300E0CE9E /* AppDelegate.swift in Sources */,
				F2BD45A526890DDC00E0CE9E /* LocalizationService.swift in Sources */,
				F2BD45922689097300E0CE9E /* SceneDelegate.swift in Sources */,
			);
			runOnlyForDeploymentPostprocessing = 0;
		};
/* End PBXSourcesBuildPhase section */

/* Begin PBXVariantGroup section */
		F2BD45952689097300E0CE9E /* Main.storyboard */ = {
			isa = PBXVariantGroup;
			children = (
				F2BD45962689097300E0CE9E /* Base */,
			);
			name = Main.storyboard;
			sourceTree = "<group>";
		};
		F2BD459A2689097300E0CE9E /* LaunchScreen.storyboard */ = {
			isa = PBXVariantGroup;
			children = (
				F2BD459B2689097300E0CE9E /* Base */,
			);
			name = LaunchScreen.storyboard;
			sourceTree = "<group>";
		};
/* End PBXVariantGroup section */

/* Begin XCBuildConfiguration section */
		F2BD459E2689097300E0CE9E /* Debug */ = {
			isa = XCBuildConfiguration;
			buildSettings = {
				ALWAYS_SEARCH_USER_PATHS = NO;
				CLANG_ANALYZER_NONNULL = YES;
				CLANG_ANALYZER_NUMBER_OBJECT_CONVERSION = YES_AGGRESSIVE;
				CLANG_CXX_LANGUAGE_STANDARD = "gnu++14";
				CLANG_CXX_LIBRARY = "libc++";
				CLANG_ENABLE_MODULES = YES;
				CLANG_ENABLE_OBJC_ARC = YES;
				CLANG_ENABLE_OBJC_WEAK = YES;
				CLANG_WARN_BLOCK_CAPTURE_AUTORELEASING = YES;
				CLANG_WARN_BOOL_CONVERSION = YES;
				CLANG_WARN_COMMA = YES;
				CLANG_WARN_CONSTANT_CONVERSION = YES;
				CLANG_WARN_DEPRECATED_OBJC_IMPLEMENTATIONS = YES;
				CLANG_WARN_DIRECT_OBJC_ISA_USAGE = YES_ERROR;
				CLANG_WARN_DOCUMENTATION_COMMENTS = YES;
				CLANG_WARN_EMPTY_BODY = YES;
				CLANG_WARN_ENUM_CONVERSION = YES;
				CLANG_WARN_INFINITE_RECURSION = YES;
				CLANG_WARN_INT_CONVERSION = YES;
				CLANG_WARN_NON_LITERAL_NULL_CONVERSION = YES;
				CLANG_WARN_OBJC_IMPLICIT_RETAIN_SELF = YES;
				CLANG_WARN_OBJC_LITERAL_CONVERSION = YES;
				CLANG_WARN_OBJC_ROOT_CLASS = YES_ERROR;
				CLANG_WARN_QUOTED_INCLUDE_IN_FRAMEWORK_HEADER = YES;
				CLANG_WARN_RANGE_LOOP_ANALYSIS = YES;
				CLANG_WARN_STRICT_PROTOTYPES = YES;
				CLANG_WARN_SUSPICIOUS_MOVE = YES;
				CLANG_WARN_UNGUARDED_AVAILABILITY = YES_AGGRESSIVE;
				CLANG_WARN_UNREACHABLE_CODE = YES;
				CLANG_WARN__DUPLICATE_METHOD_MATCH = YES;
				COPY_PHASE_STRIP = NO;
				DEBUG_INFORMATION_FORMAT = dwarf;
				ENABLE_STRICT_OBJC_MSGSEND = YES;
				ENABLE_TESTABILITY = YES;
				GCC_C_LANGUAGE_STANDARD = gnu11;
				GCC_DYNAMIC_NO_PIC = NO;
				GCC_NO_COMMON_BLOCKS = YES;
				GCC_OPTIMIZATION_LEVEL = 0;
				GCC_PREPROCESSOR_DEFINITIONS = (
					"DEBUG=1",
					"$(inherited)",
				);
				GCC_WARN_64_TO_32_BIT_CONVERSION = YES;
				GCC_WARN_ABOUT_RETURN_TYPE = YES_ERROR;
				GCC_WARN_UNDECLARED_SELECTOR = YES;
				GCC_WARN_UNINITIALIZED_AUTOS = YES_AGGRESSIVE;
				GCC_WARN_UNUSED_FUNCTION = YES;
				GCC_WARN_UNUSED_VARIABLE = YES;
				IPHONEOS_DEPLOYMENT_TARGET = 14.5;
				MTL_ENABLE_DEBUG_INFO = INCLUDE_SOURCE;
				MTL_FAST_MATH = YES;
				ONLY_ACTIVE_ARCH = YES;
				SDKROOT = iphoneos;
				SWIFT_ACTIVE_COMPILATION_CONDITIONS = DEBUG;
				SWIFT_OPTIMIZATION_LEVEL = "-Onone";
			};
			name = Debug;
		};
		F2BD459F2689097300E0CE9E /* Release */ = {
			isa = XCBuildConfiguration;
			buildSettings = {
				ALWAYS_SEARCH_USER_PATHS = NO;
				CLANG_ANALYZER_NONNULL = YES;
				CLANG_ANALYZER_NUMBER_OBJECT_CONVERSION = YES_AGGRESSIVE;
				CLANG_CXX_LANGUAGE_STANDARD = "gnu++14";
				CLANG_CXX_LIBRARY = "libc++";
				CLANG_ENABLE_MODULES = YES;
				CLANG_ENABLE_OBJC_ARC = YES;
				CLANG_ENABLE_OBJC_WEAK = YES;
				CLANG_WARN_BLOCK_CAPTURE_AUTORELEASING = YES;
				CLANG_WARN_BOOL_CONVERSION = YES;
				CLANG_WARN_COMMA = YES;
				CLANG_WARN_CONSTANT_CONVERSION = YES;
				CLANG_WARN_DEPRECATED_OBJC_IMPLEMENTATIONS = YES;
				CLANG_WARN_DIRECT_OBJC_ISA_USAGE = YES_ERROR;
				CLANG_WARN_DOCUMENTATION_COMMENTS = YES;
				CLANG_WARN_EMPTY_BODY = YES;
				CLANG_WARN_ENUM_CONVERSION = YES;
				CLANG_WARN_INFINITE_RECURSION = YES;
				CLANG_WARN_INT_CONVERSION = YES;
				CLANG_WARN_NON_LITERAL_NULL_CONVERSION = YES;
				CLANG_WARN_OBJC_IMPLICIT_RETAIN_SELF = YES;
				CLANG_WARN_OBJC_LITERAL_CONVERSION = YES;
				CLANG_WARN_OBJC_ROOT_CLASS = YES_ERROR;
				CLANG_WARN_QUOTED_INCLUDE_IN_FRAMEWORK_HEADER = YES;
				CLANG_WARN_RANGE_LOOP_ANALYSIS = YES;
				CLANG_WARN_STRICT_PROTOTYPES = YES;
				CLANG_WARN_SUSPICIOUS_MOVE = YES;
				CLANG_WARN_UNGUARDED_AVAILABILITY = YES_AGGRESSIVE;
				CLANG_WARN_UNREACHABLE_CODE = YES;
				CLANG_WARN__DUPLICATE_METHOD_MATCH = YES;
				COPY_PHASE_STRIP = NO;
				DEBUG_INFORMATION_FORMAT = "dwarf-with-dsym";
				ENABLE_NS_ASSERTIONS = NO;
				ENABLE_STRICT_OBJC_MSGSEND = YES;
				GCC_C_LANGUAGE_STANDARD = gnu11;
				GCC_NO_COMMON_BLOCKS = YES;
				GCC_WARN_64_TO_32_BIT_CONVERSION = YES;
				GCC_WARN_ABOUT_RETURN_TYPE = YES_ERROR;
				GCC_WARN_UNDECLARED_SELECTOR = YES;
				GCC_WARN_UNINITIALIZED_AUTOS = YES_AGGRESSIVE;
				GCC_WARN_UNUSED_FUNCTION = YES;
				GCC_WARN_UNUSED_VARIABLE = YES;
				IPHONEOS_DEPLOYMENT_TARGET = 14.5;
				MTL_ENABLE_DEBUG_INFO = NO;
				MTL_FAST_MATH = YES;
				SDKROOT = iphoneos;
				SWIFT_COMPILATION_MODE = wholemodule;
				SWIFT_OPTIMIZATION_LEVEL = "-O";
				VALIDATE_PRODUCT = YES;
			};
			name = Release;
		};
		F2BD45A12689097300E0CE9E /* Debug */ = {
			isa = XCBuildConfiguration;
			buildSettings = {
				ASSETCATALOG_COMPILER_APPICON_NAME = AppIcon;
				ASSETCATALOG_COMPILER_GLOBAL_ACCENT_COLOR_NAME = AccentColor;
				CODE_SIGN_STYLE = Automatic;
				INFOPLIST_FILE = SwiftLocalization/Info.plist;
				LD_RUNPATH_SEARCH_PATHS = (
					"$(inherited)",
					"@executable_path/Frameworks",
				);
				PRODUCT_BUNDLE_IDENTIFIER = com.fengchang.myriadmobile.SwiftLocalization;
				PRODUCT_NAME = "$(TARGET_NAME)";
				SWIFT_VERSION = 5.0;
				TARGETED_DEVICE_FAMILY = "1,2";
			};
			name = Debug;
		};
		F2BD45A22689097300E0CE9E /* Release */ = {
			isa = XCBuildConfiguration;
			buildSettings = {
				ASSETCATALOG_COMPILER_APPICON_NAME = AppIcon;
				ASSETCATALOG_COMPILER_GLOBAL_ACCENT_COLOR_NAME = AccentColor;
				CODE_SIGN_STYLE = Automatic;
				INFOPLIST_FILE = SwiftLocalization/Info.plist;
				LD_RUNPATH_SEARCH_PATHS = (
					"$(inherited)",
					"@executable_path/Frameworks",
				);
				PRODUCT_BUNDLE_IDENTIFIER = com.fengchang.myriadmobile.SwiftLocalization;
				PRODUCT_NAME = "$(TARGET_NAME)";
				SWIFT_VERSION = 5.0;
				TARGETED_DEVICE_FAMILY = "1,2";
			};
			name = Release;
		};
/* End XCBuildConfiguration section */

/* Begin XCConfigurationList section */
		F2BD45872689097200E0CE9E /* Build configuration list for PBXProject "SwiftLocalization" */ = {
			isa = XCConfigurationList;
			buildConfigurations = (
				F2BD459E2689097300E0CE9E /* Debug */,
				F2BD459F2689097300E0CE9E /* Release */,
			);
			defaultConfigurationIsVisible = 0;
			defaultConfigurationName = Release;
		};
		F2BD45A02689097300E0CE9E /* Build configuration list for PBXNativeTarget "SwiftLocalization" */ = {
			isa = XCConfigurationList;
			buildConfigurations = (
				F2BD45A12689097300E0CE9E /* Debug */,
				F2BD45A22689097300E0CE9E /* Release */,
			);
			defaultConfigurationIsVisible = 0;
			defaultConfigurationName = Release;
		};
/* End XCConfigurationList section */
	};
	rootObject = F2BD45842689097200E0CE9E /* Project object */;
}
